// !$*UTF8*$!
{
	archiveVersion = 1;
	classes = {
	};
	objectVersion = 51;
	objects = {

/* Begin PBXBuildFile section */
		421FD5C523E20E4F00CE0230 /* AppDelegate.swift in Sources */ = {isa = PBXBuildFile; fileRef = 421FD5C423E20E4F00CE0230 /* AppDelegate.swift */; };
		421FD5C723E20E4F00CE0230 /* SceneDelegate.swift in Sources */ = {isa = PBXBuildFile; fileRef = 421FD5C623E20E4F00CE0230 /* SceneDelegate.swift */; };
		421FD5CC23E20E4F00CE0230 /* Main.storyboard in Resources */ = {isa = PBXBuildFile; fileRef = 421FD5CA23E20E4F00CE0230 /* Main.storyboard */; };
		421FD5CE23E20E5700CE0230 /* Assets.xcassets in Resources */ = {isa = PBXBuildFile; fileRef = 421FD5CD23E20E5700CE0230 /* Assets.xcassets */; };
		421FD5D123E20E5700CE0230 /* LaunchScreen.storyboard in Resources */ = {isa = PBXBuildFile; fileRef = 421FD5CF23E20E5700CE0230 /* LaunchScreen.storyboard */; };
		421FD5D923E2181400CE0230 /* MoviesVC.swift in Sources */ = {isa = PBXBuildFile; fileRef = 421FD5D823E2181400CE0230 /* MoviesVC.swift */; };
		421FD5DE23E219DA00CE0230 /* Movie.swift in Sources */ = {isa = PBXBuildFile; fileRef = 421FD5DD23E219DA00CE0230 /* Movie.swift */; };
		421FD5E123E2241D00CE0230 /* MovieCell.swift in Sources */ = {isa = PBXBuildFile; fileRef = 421FD5E023E2241D00CE0230 /* MovieCell.swift */; };
		42BC5A7523EB4DD9005E8D98 /* MovieDetailVC.swift in Sources */ = {isa = PBXBuildFile; fileRef = 42BC5A7423EB4DD9005E8D98 /* MovieDetailVC.swift */; };
		B394C63FDE3BB53381B47834 /* Pods_Flixr.framework in Frameworks */ = {isa = PBXBuildFile; fileRef = FF6158947B6BF7240B0F9CBD /* Pods_Flixr.framework */; };
/* End PBXBuildFile section */

/* Begin PBXFileReference section */
		23A9321BD64F45420944E107 /* Pods-Flixr.release.xcconfig */ = {isa = PBXFileReference; includeInIndex = 1; lastKnownFileType = text.xcconfig; name = "Pods-Flixr.release.xcconfig"; path = "Target Support Files/Pods-Flixr/Pods-Flixr.release.xcconfig"; sourceTree = "<group>"; };
		421FD5C123E20E4F00CE0230 /* Flixr.app */ = {isa = PBXFileReference; explicitFileType = wrapper.application; includeInIndex = 0; path = Flixr.app; sourceTree = BUILT_PRODUCTS_DIR; };
		421FD5C423E20E4F00CE0230 /* AppDelegate.swift */ = {isa = PBXFileReference; lastKnownFileType = sourcecode.swift; path = AppDelegate.swift; sourceTree = "<group>"; };
		421FD5C623E20E4F00CE0230 /* SceneDelegate.swift */ = {isa = PBXFileReference; lastKnownFileType = sourcecode.swift; path = SceneDelegate.swift; sourceTree = "<group>"; };
		421FD5CB23E20E4F00CE0230 /* Base */ = {isa = PBXFileReference; lastKnownFileType = file.storyboard; name = Base; path = Base.lproj/Main.storyboard; sourceTree = "<group>"; };
		421FD5CD23E20E5700CE0230 /* Assets.xcassets */ = {isa = PBXFileReference; lastKnownFileType = folder.assetcatalog; path = Assets.xcassets; sourceTree = "<group>"; };
		421FD5D023E20E5700CE0230 /* Base */ = {isa = PBXFileReference; lastKnownFileType = file.storyboard; name = Base; path = Base.lproj/LaunchScreen.storyboard; sourceTree = "<group>"; };
		421FD5D223E20E5700CE0230 /* Info.plist */ = {isa = PBXFileReference; lastKnownFileType = text.plist.xml; path = Info.plist; sourceTree = "<group>"; };
		421FD5D823E2181400CE0230 /* MoviesVC.swift */ = {isa = PBXFileReference; lastKnownFileType = sourcecode.swift; path = MoviesVC.swift; sourceTree = "<group>"; };
		421FD5DD23E219DA00CE0230 /* Movie.swift */ = {isa = PBXFileReference; lastKnownFileType = sourcecode.swift; path = Movie.swift; sourceTree = "<group>"; };
		421FD5E023E2241D00CE0230 /* MovieCell.swift */ = {isa = PBXFileReference; lastKnownFileType = sourcecode.swift; path = MovieCell.swift; sourceTree = "<group>"; };
		42BC5A7423EB4DD9005E8D98 /* MovieDetailVC.swift */ = {isa = PBXFileReference; lastKnownFileType = sourcecode.swift; path = MovieDetailVC.swift; sourceTree = "<group>"; };
		71092EFDD6860A3B2CA37C94 /* Pods-Flixr.debug.xcconfig */ = {isa = PBXFileReference; includeInIndex = 1; lastKnownFileType = text.xcconfig; name = "Pods-Flixr.debug.xcconfig"; path = "Target Support Files/Pods-Flixr/Pods-Flixr.debug.xcconfig"; sourceTree = "<group>"; };
		FF6158947B6BF7240B0F9CBD /* Pods_Flixr.framework */ = {isa = PBXFileReference; explicitFileType = wrapper.framework; includeInIndex = 0; path = Pods_Flixr.framework; sourceTree = BUILT_PRODUCTS_DIR; };
/* End PBXFileReference section */

/* Begin PBXFrameworksBuildPhase section */
		421FD5BE23E20E4F00CE0230 /* Frameworks */ = {
			isa = PBXFrameworksBuildPhase;
			buildActionMask = 2147483647;
			files = (
				B394C63FDE3BB53381B47834 /* Pods_Flixr.framework in Frameworks */,
			);
			runOnlyForDeploymentPostprocessing = 0;
		};
/* End PBXFrameworksBuildPhase section */

/* Begin PBXGroup section */
		0A9681F00BFCFF6047133961 /* Frameworks */ = {
			isa = PBXGroup;
			children = (
				FF6158947B6BF7240B0F9CBD /* Pods_Flixr.framework */,
			);
			name = Frameworks;
			sourceTree = "<group>";
		};
		421FD5B823E20E4F00CE0230 = {
			isa = PBXGroup;
			children = (
				421FD5C323E20E4F00CE0230 /* Flixr */,
				421FD5C223E20E4F00CE0230 /* Products */,
				C4D9C70B9D1028B9576C37A5 /* Pods */,
				0A9681F00BFCFF6047133961 /* Frameworks */,
			);
			sourceTree = "<group>";
		};
		421FD5C223E20E4F00CE0230 /* Products */ = {
			isa = PBXGroup;
			children = (
				421FD5C123E20E4F00CE0230 /* Flixr.app */,
			);
			name = Products;
			sourceTree = "<group>";
		};
		421FD5C323E20E4F00CE0230 /* Flixr */ = {
			isa = PBXGroup;
			children = (
				421FD5DF23E2240300CE0230 /* Cell */,
				421FD5DC23E2183E00CE0230 /* Model */,
				421FD5DB23E2183A00CE0230 /* View */,
				421FD5DA23E2183300CE0230 /* Controller */,
				421FD5C423E20E4F00CE0230 /* AppDelegate.swift */,
				421FD5C623E20E4F00CE0230 /* SceneDelegate.swift */,
				421FD5CD23E20E5700CE0230 /* Assets.xcassets */,
				421FD5D223E20E5700CE0230 /* Info.plist */,
			);
			path = Flixr;
			sourceTree = "<group>";
		};
		421FD5DA23E2183300CE0230 /* Controller */ = {
			isa = PBXGroup;
			children = (
				421FD5D823E2181400CE0230 /* MoviesVC.swift */,
				42BC5A7423EB4DD9005E8D98 /* MovieDetailVC.swift */,
			);
			path = Controller;
			sourceTree = "<group>";
		};
		421FD5DB23E2183A00CE0230 /* View */ = {
			isa = PBXGroup;
			children = (
				421FD5CA23E20E4F00CE0230 /* Main.storyboard */,
				421FD5CF23E20E5700CE0230 /* LaunchScreen.storyboard */,
			);
			path = View;
			sourceTree = "<group>";
		};
		421FD5DC23E2183E00CE0230 /* Model */ = {
			isa = PBXGroup;
			children = (
				421FD5DD23E219DA00CE0230 /* Movie.swift */,
			);
			path = Model;
			sourceTree = "<group>";
		};
		421FD5DF23E2240300CE0230 /* Cell */ = {
			isa = PBXGroup;
			children = (
				421FD5E023E2241D00CE0230 /* MovieCell.swift */,
			);
			path = Cell;
			sourceTree = "<group>";
		};
		C4D9C70B9D1028B9576C37A5 /* Pods */ = {
			isa = PBXGroup;
			children = (
				71092EFDD6860A3B2CA37C94 /* Pods-Flixr.debug.xcconfig */,
				23A9321BD64F45420944E107 /* Pods-Flixr.release.xcconfig */,
			);
			path = Pods;
			sourceTree = "<group>";
		};
/* End PBXGroup section */

/* Begin PBXNativeTarget section */
		421FD5C023E20E4F00CE0230 /* Flixr */ = {
			isa = PBXNativeTarget;
			buildConfigurationList = 421FD5D523E20E5700CE0230 /* Build configuration list for PBXNativeTarget "Flixr" */;
			buildPhases = (
				64824D5779982E44C11EBB57 /* [CP] Check Pods Manifest.lock */,
				421FD5BD23E20E4F00CE0230 /* Sources */,
				421FD5BE23E20E4F00CE0230 /* Frameworks */,
				421FD5BF23E20E4F00CE0230 /* Resources */,
				E85CA38D892B68A612EEB5C7 /* [CP] Embed Pods Frameworks */,
			);
			buildRules = (
			);
			dependencies = (
			);
			name = Flixr;
			productName = Flixr;
			productReference = 421FD5C123E20E4F00CE0230 /* Flixr.app */;
			productType = "com.apple.product-type.application";
		};
/* End PBXNativeTarget section */

/* Begin PBXProject section */
		421FD5B923E20E4F00CE0230 /* Project object */ = {
			isa = PBXProject;
			attributes = {
				LastSwiftUpdateCheck = 1130;
				LastUpgradeCheck = 1130;
				ORGANIZATIONNAME = "Joshua Madrigal";
				TargetAttributes = {
					421FD5C023E20E4F00CE0230 = {
						CreatedOnToolsVersion = 11.3.1;
					};
				};
			};
			buildConfigurationList = 421FD5BC23E20E4F00CE0230 /* Build configuration list for PBXProject "Flixr" */;
			compatibilityVersion = "Xcode 9.3";
			developmentRegion = en;
			hasScannedForEncodings = 0;
			knownRegions = (
				en,
				Base,
			);
			mainGroup = 421FD5B823E20E4F00CE0230;
			productRefGroup = 421FD5C223E20E4F00CE0230 /* Products */;
			projectDirPath = "";
			projectRoot = "";
			targets = (
				421FD5C023E20E4F00CE0230 /* Flixr */,
			);
		};
/* End PBXProject section */

/* Begin PBXResourcesBuildPhase section */
		421FD5BF23E20E4F00CE0230 /* Resources */ = {
			isa = PBXResourcesBuildPhase;
			buildActionMask = 2147483647;
			files = (
				421FD5D123E20E5700CE0230 /* LaunchScreen.storyboard in Resources */,
				421FD5CE23E20E5700CE0230 /* Assets.xcassets in Resources */,
				421FD5CC23E20E4F00CE0230 /* Main.storyboard in Resources */,
			);
			runOnlyForDeploymentPostprocessing = 0;
		};
/* End PBXResourcesBuildPhase section */

/* Begin PBXShellScriptBuildPhase section */
		64824D5779982E44C11EBB57 /* [CP] Check Pods Manifest.lock */ = {
			isa = PBXShellScriptBuildPhase;
			buildActionMask = 2147483647;
			files = (
			);
			inputFileListPaths = (
			);
			inputPaths = (
				"${PODS_PODFILE_DIR_PATH}/Podfile.lock",
				"${PODS_ROOT}/Manifest.lock",
			);
			name = "[CP] Check Pods Manifest.lock";
			outputFileListPaths = (
			);
			outputPaths = (
				"$(DERIVED_FILE_DIR)/Pods-Flixr-checkManifestLockResult.txt",
			);
			runOnlyForDeploymentPostprocessing = 0;
			shellPath = /bin/sh;
			shellScript = "diff \"${PODS_PODFILE_DIR_PATH}/Podfile.lock\" \"${PODS_ROOT}/Manifest.lock\" > /dev/null\nif [ $? != 0 ] ; then\n    # print error to STDERR\n    echo \"error: The sandbox is not in sync with the Podfile.lock. Run 'pod install' or update your CocoaPods installation.\" >&2\n    exit 1\nfi\n# This output is used by Xcode 'outputs' to avoid re-running this script phase.\necho \"SUCCESS\" > \"${SCRIPT_OUTPUT_FILE_0}\"\n";
			showEnvVarsInLog = 0;
		};
		E85CA38D892B68A612EEB5C7 /* [CP] Embed Pods Frameworks */ = {
			isa = PBXShellScriptBuildPhase;
			buildActionMask = 2147483647;
			files = (
			);
			inputFileListPaths = (
				"${PODS_ROOT}/Target Support Files/Pods-Flixr/Pods-Flixr-frameworks-${CONFIGURATION}-input-files.xcfilelist",
			);
			name = "[CP] Embed Pods Frameworks";
			outputFileListPaths = (
				"${PODS_ROOT}/Target Support Files/Pods-Flixr/Pods-Flixr-frameworks-${CONFIGURATION}-output-files.xcfilelist",
			);
			runOnlyForDeploymentPostprocessing = 0;
			shellPath = /bin/sh;
			shellScript = "\"${PODS_ROOT}/Target Support Files/Pods-Flixr/Pods-Flixr-frameworks.sh\"\n";
			showEnvVarsInLog = 0;
		};
/* End PBXShellScriptBuildPhase section */

/* Begin PBXSourcesBuildPhase section */
		421FD5BD23E20E4F00CE0230 /* Sources */ = {
			isa = PBXSourcesBuildPhase;
			buildActionMask = 2147483647;
			files = (
				421FD5C523E20E4F00CE0230 /* AppDelegate.swift in Sources */,
				421FD5C723E20E4F00CE0230 /* SceneDelegate.swift in Sources */,
				421FD5DE23E219DA00CE0230 /* Movie.swift in Sources */,
				421FD5E123E2241D00CE0230 /* MovieCell.swift in Sources */,
				42BC5A7523EB4DD9005E8D98 /* MovieDetailVC.swift in Sources */,
				421FD5D923E2181400CE0230 /* MoviesVC.swift in Sources */,
			);
			runOnlyForDeploymentPostprocessing = 0;
		};
/* End PBXSourcesBuildPhase section */

/* Begin PBXVariantGroup section */
		421FD5CA23E20E4F00CE0230 /* Main.storyboard */ = {
			isa = PBXVariantGroup;
			children = (
				421FD5CB23E20E4F00CE0230 /* Base */,
			);
			name = Main.storyboard;
			sourceTree = "<group>";
		};
		421FD5CF23E20E5700CE0230 /* LaunchScreen.storyboard */ = {
			isa = PBXVariantGroup;
			children = (
				421FD5D023E20E5700CE0230 /* Base */,
			);
			name = LaunchScreen.storyboard;
			sourceTree = "<group>";
		};
/* End PBXVariantGroup section */

/* Begin XCBuildConfiguration section */
		421FD5D323E20E5700CE0230 /* Debug */ = {
			isa = XCBuildConfiguration;
			buildSettings = {
				ALWAYS_SEARCH_USER_PATHS = NO;
				CLANG_ANALYZER_NONNULL = YES;
				CLANG_ANALYZER_NUMBER_OBJECT_CONVERSION = YES_AGGRESSIVE;
				CLANG_CXX_LANGUAGE_STANDARD = "gnu++14";
				CLANG_CXX_LIBRARY = "libc++";
				CLANG_ENABLE_MODULES = YES;
				CLANG_ENABLE_OBJC_ARC = YES;
				CLANG_ENABLE_OBJC_WEAK = YES;
				CLANG_WARN_BLOCK_CAPTURE_AUTORELEASING = YES;
				CLANG_WARN_BOOL_CONVERSION = YES;
				CLANG_WARN_COMMA = YES;
				CLANG_WARN_CONSTANT_CONVERSION = YES;
				CLANG_WARN_DEPRECATED_OBJC_IMPLEMENTATIONS = YES;
				CLANG_WARN_DIRECT_OBJC_ISA_USAGE = YES_ERROR;
				CLANG_WARN_DOCUMENTATION_COMMENTS = YES;
				CLANG_WARN_EMPTY_BODY = YES;
				CLANG_WARN_ENUM_CONVERSION = YES;
				CLANG_WARN_INFINITE_RECURSION = YES;
				CLANG_WARN_INT_CONVERSION = YES;
				CLANG_WARN_NON_LITERAL_NULL_CONVERSION = YES;
				CLANG_WARN_OBJC_IMPLICIT_RETAIN_SELF = YES;
				CLANG_WARN_OBJC_LITERAL_CONVERSION = YES;
				CLANG_WARN_OBJC_ROOT_CLASS = YES_ERROR;
				CLANG_WARN_RANGE_LOOP_ANALYSIS = YES;
				CLANG_WARN_STRICT_PROTOTYPES = YES;
				CLANG_WARN_SUSPICIOUS_MOVE = YES;
				CLANG_WARN_UNGUARDED_AVAILABILITY = YES_AGGRESSIVE;
				CLANG_WARN_UNREACHABLE_CODE = YES;
				CLANG_WARN__DUPLICATE_METHOD_MATCH = YES;
				COPY_PHASE_STRIP = NO;
				DEBUG_INFORMATION_FORMAT = dwarf;
				ENABLE_STRICT_OBJC_MSGSEND = YES;
				ENABLE_TESTABILITY = YES;
				GCC_C_LANGUAGE_STANDARD = gnu11;
				GCC_DYNAMIC_NO_PIC = NO;
				GCC_NO_COMMON_BLOCKS = YES;
				GCC_OPTIMIZATION_LEVEL = 0;
				GCC_PREPROCESSOR_DEFINITIONS = (
					"DEBUG=1",
					"$(inherited)",
				);
				GCC_WARN_64_TO_32_BIT_CONVERSION = YES;
				GCC_WARN_ABOUT_RETURN_TYPE = YES_ERROR;
				GCC_WARN_UNDECLARED_SELECTOR = YES;
				GCC_WARN_UNINITIALIZED_AUTOS = YES_AGGRESSIVE;
				GCC_WARN_UNUSED_FUNCTION = YES;
				GCC_WARN_UNUSED_VARIABLE = YES;
				IPHONEOS_DEPLOYMENT_TARGET = 13.2;
				MTL_ENABLE_DEBUG_INFO = INCLUDE_SOURCE;
				MTL_FAST_MATH = YES;
				ONLY_ACTIVE_ARCH = YES;
				SDKROOT = iphoneos;
				SWIFT_ACTIVE_COMPILATION_CONDITIONS = DEBUG;
				SWIFT_OPTIMIZATION_LEVEL = "-Onone";
			};
			name = Debug;
		};
		421FD5D423E20E5700CE0230 /* Release */ = {
			isa = XCBuildConfiguration;
			buildSettings = {
				ALWAYS_SEARCH_USER_PATHS = NO;
				CLANG_ANALYZER_NONNULL = YES;
				CLANG_ANALYZER_NUMBER_OBJECT_CONVERSION = YES_AGGRESSIVE;
				CLANG_CXX_LANGUAGE_STANDARD = "gnu++14";
				CLANG_CXX_LIBRARY = "libc++";
				CLANG_ENABLE_MODULES = YES;
				CLANG_ENABLE_OBJC_ARC = YES;
				CLANG_ENABLE_OBJC_WEAK = YES;
				CLANG_WARN_BLOCK_CAPTURE_AUTORELEASING = YES;
				CLANG_WARN_BOOL_CONVERSION = YES;
				CLANG_WARN_COMMA = YES;
				CLANG_WARN_CONSTANT_CONVERSION = YES;
				CLANG_WARN_DEPRECATED_OBJC_IMPLEMENTATIONS = YES;
				CLANG_WARN_DIRECT_OBJC_ISA_USAGE = YES_ERROR;
				CLANG_WARN_DOCUMENTATION_COMMENTS = YES;
				CLANG_WARN_EMPTY_BODY = YES;
				CLANG_WARN_ENUM_CONVERSION = YES;
				CLANG_WARN_INFINITE_RECURSION = YES;
				CLANG_WARN_INT_CONVERSION = YES;
				CLANG_WARN_NON_LITERAL_NULL_CONVERSION = YES;
				CLANG_WARN_OBJC_IMPLICIT_RETAIN_SELF = YES;
				CLANG_WARN_OBJC_LITERAL_CONVERSION = YES;
				CLANG_WARN_OBJC_ROOT_CLASS = YES_ERROR;
				CLANG_WARN_RANGE_LOOP_ANALYSIS = YES;
				CLANG_WARN_STRICT_PROTOTYPES = YES;
				CLANG_WARN_SUSPICIOUS_MOVE = YES;
				CLANG_WARN_UNGUARDED_AVAILABILITY = YES_AGGRESSIVE;
				CLANG_WARN_UNREACHABLE_CODE = YES;
				CLANG_WARN__DUPLICATE_METHOD_MATCH = YES;
				COPY_PHASE_STRIP = NO;
				DEBUG_INFORMATION_FORMAT = "dwarf-with-dsym";
				ENABLE_NS_ASSERTIONS = NO;
				ENABLE_STRICT_OBJC_MSGSEND = YES;
				GCC_C_LANGUAGE_STANDARD = gnu11;
				GCC_NO_COMMON_BLOCKS = YES;
				GCC_WARN_64_TO_32_BIT_CONVERSION = YES;
				GCC_WARN_ABOUT_RETURN_TYPE = YES_ERROR;
				GCC_WARN_UNDECLARED_SELECTOR = YES;
				GCC_WARN_UNINITIALIZED_AUTOS = YES_AGGRESSIVE;
				GCC_WARN_UNUSED_FUNCTION = YES;
				GCC_WARN_UNUSED_VARIABLE = YES;
				IPHONEOS_DEPLOYMENT_TARGET = 13.2;
				MTL_ENABLE_DEBUG_INFO = NO;
				MTL_FAST_MATH = YES;
				SDKROOT = iphoneos;
				SWIFT_COMPILATION_MODE = wholemodule;
				SWIFT_OPTIMIZATION_LEVEL = "-O";
				VALIDATE_PRODUCT = YES;
			};
			name = Release;
		};
		421FD5D623E20E5700CE0230 /* Debug */ = {
			isa = XCBuildConfiguration;
			baseConfigurationReference = 71092EFDD6860A3B2CA37C94 /* Pods-Flixr.debug.xcconfig */;
			buildSettings = {
				ASSETCATALOG_COMPILER_APPICON_NAME = AppIcon;
				CODE_SIGN_STYLE = Automatic;
				DEVELOPMENT_TEAM = 84B657U6QB;
				INFOPLIST_FILE = Flixr/Info.plist;
				LD_RUNPATH_SEARCH_PATHS = (
					"$(inherited)",
					"@executable_path/Frameworks",
				);
				PRODUCT_BUNDLE_IDENTIFIER = com.madmonte.Flixr;
				PRODUCT_NAME = "$(TARGET_NAME)";
				SWIFT_VERSION = 5.0;
				TARGETED_DEVICE_FAMILY = "1,2";
			};
			name = Debug;
		};
		421FD5D723E20E5700CE0230 /* Release */ = {
			isa = XCBuildConfiguration;
			baseConfigurationReference = 23A9321BD64F45420944E107 /* Pods-Flixr.release.xcconfig */;
			buildSettings = {
				ASSETCATALOG_COMPILER_APPICON_NAME = AppIcon;
				CODE_SIGN_STYLE = Automatic;
				DEVELOPMENT_TEAM = 84B657U6QB;
				INFOPLIST_FILE = Flixr/Info.plist;
				LD_RUNPATH_SEARCH_PATHS = (
					"$(inherited)",
					"@executable_path/Frameworks",
				);
				PRODUCT_BUNDLE_IDENTIFIER = com.madmonte.Flixr;
				PRODUCT_NAME = "$(TARGET_NAME)";
				SWIFT_VERSION = 5.0;
				TARGETED_DEVICE_FAMILY = "1,2";
			};
			name = Release;
		};
/* End XCBuildConfiguration section */

/* Begin XCConfigurationList section */
		421FD5BC23E20E4F00CE0230 /* Build configuration list for PBXProject "Flixr" */ = {
			isa = XCConfigurationList;
			buildConfigurations = (
				421FD5D323E20E5700CE0230 /* Debug */,
				421FD5D423E20E5700CE0230 /* Release */,
			);
			defaultConfigurationIsVisible = 0;
			defaultConfigurationName = Release;
		};
		421FD5D523E20E5700CE0230 /* Build configuration list for PBXNativeTarget "Flixr" */ = {
			isa = XCConfigurationList;
			buildConfigurations = (
				421FD5D623E20E5700CE0230 /* Debug */,
				421FD5D723E20E5700CE0230 /* Release */,
			);
			defaultConfigurationIsVisible = 0;
			defaultConfigurationName = Release;
		};
/* End XCConfigurationList section */
	};
	rootObject = 421FD5B923E20E4F00CE0230 /* Project object */;
}
